
Microsoft Visual Studio Solution File, Format Version 12.00
# Visual Studio Version 17
VisualStudioVersion = 17.1.32328.378
MinimumVisualStudioVersion = 10.0.40219.1
Project("{9A19103F-16F7-4668-BE54-9A1E7A4F7556}") = "Exercise1", "Exercise1\Exercise1.csproj", "{A738667A-1DC1-4A5F-B31D-142CEA028985}"
EndProject
Project("{9A19103F-16F7-4668-BE54-9A1E7A4F7556}") = "Exercise2", "Exercise2\Exercise2.csproj", "{C370DDBB-D192-453B-92B2-EECDFD5A649B}"
EndProject
Project("{FAE04EC0-301F-11D3-BF4B-00C04F79EFBC}") = "Exercise3", "Exercise3\Exercise3.csproj", "{487B5700-69B4-4327-A000-44F9FDD632BA}"
EndProject
Global
	GlobalSection(SolutionConfigurationPlatforms) = preSolution
		Debug|Any CPU = Debug|Any CPU
		Release|Any CPU = Release|Any CPU
	EndGlobalSection
	GlobalSection(ProjectConfigurationPlatforms) = postSolution
		{A738667A-1DC1-4A5F-B31D-142CEA028985}.Debug|Any CPU.ActiveCfg = Debug|Any CPU
		{A738667A-1DC1-4A5F-B31D-142CEA028985}.Debug|Any CPU.Build.0 = Debug|Any CPU
		{A738667A-1DC1-4A5F-B31D-142CEA028985}.Release|Any CPU.ActiveCfg = Release|Any CPU
		{A738667A-1DC1-4A5F-B31D-142CEA028985}.Release|Any CPU.Build.0 = Release|Any CPU
		{C370DDBB-D192-453B-92B2-EECDFD5A649B}.Debug|Any CPU.ActiveCfg = Debug|Any CPU
		{C370DDBB-D192-453B-92B2-EECDFD5A649B}.Debug|Any CPU.Build.0 = Debug|Any CPU
		{C370DDBB-D192-453B-92B2-EECDFD5A649B}.Release|Any CPU.ActiveCfg = Release|Any CPU
		{C370DDBB-D192-453B-92B2-EECDFD5A649B}.Release|Any CPU.Build.0 = Release|Any CPU
		{487B5700-69B4-4327-A000-44F9FDD632BA}.Debug|Any CPU.ActiveCfg = Debug|Any CPU
		{487B5700-69B4-4327-A000-44F9FDD632BA}.Debug|Any CPU.Build.0 = Debug|Any CPU
		{487B5700-69B4-4327-A000-44F9FDD632BA}.Release|Any CPU.ActiveCfg = Release|Any CPU
		{487B5700-69B4-4327-A000-44F9FDD632BA}.Release|Any CPU.Build.0 = Release|Any CPU
	EndGlobalSection
	GlobalSection(SolutionProperties) = preSolution
		HideSolutionNode = FALSE
	EndGlobalSection
	GlobalSection(ExtensibilityGlobals) = postSolution
		SolutionGuid = {F27ED579-37A9-45F8-99B4-A26941056292}
	EndGlobalSection
EndGlobal
